<?xml version="1.0" encoding="utf-8"?>
<Project ToolsVersion="4.0" xmlns="http://schemas.microsoft.com/developer/msbuild/2003">
  <ItemGroup>
    <Filter Include="Framework">
      <UniqueIdentifier>{8c0bd48c-8059-4047-bac6-cdfde798a206}</UniqueIdentifier>
    </Filter>
    <Filter Include="Framework\Core">
      <UniqueIdentifier>{f9ebee05-e515-4e59-9a34-7cd9f37600f4}</UniqueIdentifier>
    </Filter>
    <Filter Include="Framework\Graphics">
      <UniqueIdentifier>{5a82ff37-0216-4774-be68-516f14f42f02}</UniqueIdentifier>
    </Filter>
    <Filter Include="Framework\Physics">
      <UniqueIdentifier>{fbcae8ba-f47d-46cf-89a4-e1a9fb88ac82}</UniqueIdentifier>
    </Filter>
    <Filter Include="Framework\Base">
      <UniqueIdentifier>{918169ff-b6b0-4cc9-9613-1cacc269982c}</UniqueIdentifier>
    </Filter>
    <Filter Include="Game">
      <UniqueIdentifier>{433a081b-8f68-4a08-b217-b0ed7e1e051b}</UniqueIdentifier>
    </Filter>
    <Filter Include="Game\Main">
      <UniqueIdentifier>{06b963e3-b709-4574-888a-632231db992c}</UniqueIdentifier>
    </Filter>
    <Filter Include="Game\Scenes">
      <UniqueIdentifier>{0243a16d-0470-47bf-89e5-67c67c3f5dd8}</UniqueIdentifier>
    </Filter>
    <Filter Include="Game\Scenes\PlayScene">
      <UniqueIdentifier>{43c3fce1-2c33-4b0f-87df-5c156958fbed}</UniqueIdentifier>
    </Filter>
    <Filter Include="Game\Objects">
      <UniqueIdentifier>{6486814f-3791-4b3b-8514-8875df93cab6}</UniqueIdentifier>
    </Filter>
    <Filter Include="Game\Objects\Player">
      <UniqueIdentifier>{8671ae6f-1f35-4933-bffc-21f06ab91c71}</UniqueIdentifier>
    </Filter>
    <Filter Include="Game\Objects\Enemies">
      <UniqueIdentifier>{234d96ca-580a-485e-a3b1-5a91f0f41157}</UniqueIdentifier>
    </Filter>
    <Filter Include="Game\Objects\Items">
      <UniqueIdentifier>{d94c2cd0-fdce-49df-a45a-906962c4a0a9}</UniqueIdentifier>
    </Filter>
    <Filter Include="Game\Objects\Tiles">
      <UniqueIdentifier>{1d86c790-cfc7-4372-8858-95a83e0547ff}</UniqueIdentifier>
    </Filter>
    <Filter Include="Game\Objects\Triggers">
      <UniqueIdentifier>{804d478e-cd05-4d46-92c8-e2be8475b3ce}</UniqueIdentifier>
    </Filter>
    <Filter Include="Game\Config">
      <UniqueIdentifier>{3d0ab7cc-546c-4dda-93f9-68d5022a7b10}</UniqueIdentifier>
    </Filter>
    <Filter Include="Game\Objects\Projectiles">
      <UniqueIdentifier>{63cc37a5-806c-406a-b5d1-29f22dc5cc6c}</UniqueIdentifier>
    </Filter>
    <Filter Include="Game\Objects\Bosses">
      <UniqueIdentifier>{2e208956-c24e-4b6c-8d76-6c7bfff5f46e}</UniqueIdentifier>
    </Filter>
    <Filter Include="Game\Objects\Effects">
      <UniqueIdentifier>{f776bd8a-b36d-4043-bf42-a3eebb8a4c52}</UniqueIdentifier>
    </Filter>
    <Filter Include="Game\Managers">
      <UniqueIdentifier>{a87c94df-c6bd-40b5-a2d2-be7fce448410}</UniqueIdentifier>
    </Filter>
    <Filter Include="Game\Systems">
      <UniqueIdentifier>{7aaf8c08-acfb-413e-80a9-49451944eead}</UniqueIdentifier>
    </Filter>
    <Filter Include="Game\Utils">
      <UniqueIdentifier>{23d1bf19-af8f-4885-8faf-3f4b083ac9c8}</UniqueIdentifier>
    </Filter>
    <Filter Include="Game\Objects\CollisionBox">
      <UniqueIdentifier>{36794652-6913-4a0e-b18e-61e345ec1a2e}</UniqueIdentifier>
    </Filter>
    <Filter Include="Game\Objects\Traps">
      <UniqueIdentifier>{297e75ff-af29-4236-b095-8de321230c88}</UniqueIdentifier>
    </Filter>
    <Filter Include="Game\Scenes\WorldMap">
      <UniqueIdentifier>{dc056a9e-9790-479f-8405-3ab51b1d61ac}</UniqueIdentifier>
    </Filter>
    <Filter Include="Game\Sounds">
      <UniqueIdentifier>{286e4dd4-4adf-4101-8069-26e0c533c44d}</UniqueIdentifier>
    </Filter>
  </ItemGroup>
  <ItemGroup>
    <ClCompile Include="Game.cpp">
      <Filter>Framework\Core</Filter>
    </ClCompile>
    <ClCompile Include="EventManager.cpp">
      <Filter>Framework\Core</Filter>
    </ClCompile>
    <ClCompile Include="GameEvent.cpp">
      <Filter>Framework\Core</Filter>
    </ClCompile>
    <ClCompile Include="GameData.cpp">
      <Filter>Framework\Core</Filter>
    </ClCompile>
    <ClCompile Include="debug.cpp">
      <Filter>Framework\Core</Filter>
    </ClCompile>
    <ClCompile Include="Utils.cpp">
      <Filter>Framework\Core</Filter>
    </ClCompile>
    <ClCompile Include="Textures.cpp">
      <Filter>Framework\Graphics</Filter>
    </ClCompile>
    <ClCompile Include="Sprite.cpp">
      <Filter>Framework\Graphics</Filter>
    </ClCompile>
    <ClCompile Include="Sprites.cpp">
      <Filter>Framework\Graphics</Filter>
    </ClCompile>
    <ClCompile Include="Collision.cpp">
      <Filter>Framework\Physics</Filter>
    </ClCompile>
    <ClCompile Include="GameObject.cpp">
      <Filter>Framework\Base</Filter>
    </ClCompile>
    <ClCompile Include="main.cpp">
      <Filter>Game\Main</Filter>
    </ClCompile>
    <ClCompile Include="Animation.cpp">
      <Filter>Framework\Graphics</Filter>
    </ClCompile>
    <ClCompile Include="Animations.cpp">
      <Filter>Framework\Graphics</Filter>
    </ClCompile>
    <ClCompile Include="Portal.cpp">
      <Filter>Game\Objects\Triggers</Filter>
    </ClCompile>
    <ClCompile Include="Pipe.cpp">
      <Filter>Game\Objects\Triggers</Filter>
    </ClCompile>
    <ClCompile Include="Platform.cpp">
      <Filter>Game\Objects\Tiles</Filter>
    </ClCompile>
    <ClCompile Include="Brick.cpp">
      <Filter>Game\Objects\Tiles</Filter>
    </ClCompile>
    <ClCompile Include="Mario.cpp">
      <Filter>Game\Objects\Player</Filter>
    </ClCompile>
    <ClCompile Include="CMarioIdleState.cpp">
      <Filter>Game\Objects\Player</Filter>
    </ClCompile>
    <ClCompile Include="CMarioWalkState.cpp">
      <Filter>Game\Objects\Player</Filter>
    </ClCompile>
    <ClCompile Include="CMarioJumpState.cpp">
      <Filter>Game\Objects\Player</Filter>
    </ClCompile>
    <ClCompile Include="CMarioFallState.cpp">
      <Filter>Game\Objects\Player</Filter>
    </ClCompile>
    <ClCompile Include="CMarioDuckState.cpp">
      <Filter>Game\Objects\Player</Filter>
    </ClCompile>
    <ClCompile Include="CMarioPipeState.cpp">
      <Filter>Game\Objects\Player</Filter>
    </ClCompile>
    <ClCompile Include="CMarioDeadState.cpp">
      <Filter>Game\Objects\Player</Filter>
    </ClCompile>
    <ClCompile Include="CMarioPitDeadState.cpp">
      <Filter>Game\Objects\Player</Filter>
    </ClCompile>
    <ClCompile Include="Goomba.cpp">
      <Filter>Game\Objects\Enemies</Filter>
    </ClCompile>
    <ClCompile Include="Coin.cpp">
      <Filter>Game\Objects\Items</Filter>
    </ClCompile>
    <ClCompile Include="BossExplosion.cpp">
      <Filter>Game\Objects\Effects</Filter>
    </ClCompile>
    <ClCompile Include="PlayScene.cpp">
      <Filter>Game\Scenes\PlayScene</Filter>
    </ClCompile>
    <ClCompile Include="PlaySceneKeyHandler.cpp">
      <Filter>Game\Scenes\PlayScene</Filter>
    </ClCompile>
    <ClCompile Include="Camera.cpp">
      <Filter>Game\Systems</Filter>
    </ClCompile>
    <ClCompile Include="ScoreSystem.cpp">
      <Filter>Game\Systems</Filter>
    </ClCompile>
    <ClCompile Include="ScreenTransition.cpp">
      <Filter>Game\Systems</Filter>
    </ClCompile>
    <ClCompile Include="HUD.cpp">
      <Filter>Game\Systems</Filter>
    </ClCompile>
    <ClCompile Include="GoalRoulette.cpp">
      <Filter>Game\Objects\Tiles</Filter>
    </ClCompile>
    <ClCompile Include="GoalRewardItem.cpp">
      <Filter>Game\Objects\Items</Filter>
    </ClCompile>
    <ClCompile Include="ObjectFactory.cpp">
      <Filter>Game\Systems</Filter>
    </ClCompile>
    <ClCompile Include="QuestionBlock.cpp">
      <Filter>Game\Objects\Tiles</Filter>
    </ClCompile>
    <ClCompile Include="TileMap.cpp">
      <Filter>Framework\Base</Filter>
    </ClCompile>
    <ClCompile Include="CollisionBox.cpp">
      <Filter>Game\Objects\CollisionBox</Filter>
    </ClCompile>
    <ClCompile Include="Blaster.cpp">
      <Filter>Game\Objects\Traps</Filter>
    </ClCompile>
    <ClCompile Include="Burner.cpp">
      <Filter>Game\Objects\Traps</Filter>
    </ClCompile>
    <ClCompile Include="CannonBall.cpp">
      <Filter>Game\Objects\Traps</Filter>
    </ClCompile>
    <ClCompile Include="Canon.cpp">
      <Filter>Game\Objects\Traps</Filter>
    </ClCompile>
    <ClCompile Include="CItem.cpp">
      <Filter>Game\Objects\Items</Filter>
    </ClCompile>
    <ClCompile Include="QuestionBlock.cpp">
      <Filter>Game\Objects\Tiles</Filter>
    </ClCompile>
    <ClCompile Include="FireBall.cpp">
      <Filter>Game\Objects\Projectiles</Filter>
    </ClCompile>
    <ClCompile Include="MapMario.cpp">
      <Filter>Game\Scenes\WorldMap</Filter>
    </ClCompile>
    <ClCompile Include="MapNode.cpp">
      <Filter>Game\Scenes\WorldMap</Filter>
    </ClCompile>
    <ClCompile Include="MapObject.cpp">
      <Filter>Game\Scenes\WorldMap</Filter>
    </ClCompile>
    <ClCompile Include="WorldMapKeyHandler.cpp">
      <Filter>Game\Scenes\WorldMap</Filter>
    </ClCompile>
    <ClCompile Include="WorldMapScene.cpp">
      <Filter>Game\Scenes\WorldMap</Filter>
    </ClCompile>
    <ClCompile Include="BoomBoom.cpp">
      <Filter>Game\Objects\Bosses</Filter>
    </ClCompile>
    <ClCompile Include="CMarioFloatState.cpp">
      <Filter>Game\Objects\Player</Filter>
    </ClCompile>
    <ClCompile Include="CMarioFlyState.cpp">
      <Filter>Game\Objects\Player</Filter>
    </ClCompile>
    <ClCompile Include="CMarioRunState.cpp">
      <Filter>Game\Objects\Player</Filter>
    </ClCompile>
    <ClCompile Include="CMarioSkidState.cpp">
      <Filter>Game\Objects\Player</Filter>
    </ClCompile>
    <ClCompile Include="CMarioState.cpp">
      <Filter>Game\Objects\Player</Filter>
    </ClCompile>
    <ClCompile Include="miniaudio_impl.cpp">
      <Filter>Game\Sounds</Filter>
    </ClCompile>
    <ClCompile Include="SoundManager.cpp">
      <Filter>Game\Sounds</Filter>
    </ClCompile>
    <ClCompile Include="SoundSubject.cpp">
      <Filter>Game\Sounds</Filter>
    </ClCompile>
    <ClCompile Include="SoundTestKeyHandler.cpp">
      <Filter>Game\Sounds</Filter>
    </ClCompile>
    <ClCompile Include="SoundTestScene.cpp">
      <Filter>Game\Sounds</Filter>
    </ClCompile>
  </ItemGroup>
  <ItemGroup>
    <ClInclude Include="Camera.h">
      <Filter>Framework</Filter>
    </ClInclude>
    <ClInclude Include="Game.h">
      <Filter>Framework\Core</Filter>
    </ClInclude>
    <ClInclude Include="EventManager.h">
      <Filter>Framework\Core</Filter>
    </ClInclude>
    <ClInclude Include="GameEvent.h">
      <Filter>Framework\Core</Filter>
    </ClInclude>
    <ClInclude Include="Hud.h">
      <Filter>Game\Systems</Filter>
    </ClInclude>
    <ClInclude Include="GoalRoulette.h">
      <Filter>Game\Objects\Tiles</Filter>
    </ClInclude>
    <ClInclude Include="GoalRewardItem.h">
      <Filter>Game\Objects\Items</Filter>
    </ClInclude>
    <ClInclude Include="debug.h">
      <Filter>Framework\Core</Filter>
    </ClInclude>
    <ClInclude Include="Utils.h">
      <Filter>Framework\Core</Filter>
    </ClInclude>
    <ClInclude Include="Texture.h">
      <Filter>Framework\Graphics</Filter>
    </ClInclude>
    <ClInclude Include="Textures.h">
      <Filter>Framework\Graphics</Filter>
    </ClInclude>
    <ClInclude Include="Sprite.h">
      <Filter>Framework\Graphics</Filter>
    </ClInclude>
    <ClInclude Include="Sprites.h">
      <Filter>Framework\Graphics</Filter>
    </ClInclude>
    <ClInclude Include="Collision.h">
      <Filter>Framework\Physics</Filter>
    </ClInclude>
    <ClInclude Include="Scene.h">
      <Filter>Framework\Base</Filter>
    </ClInclude>
    <ClInclude Include="GameObject.h">
      <Filter>Framework\Base</Filter>
    </ClInclude>
    <ClInclude Include="KeyEventHandler.h">
      <Filter>Framework\Base</Filter>
    </ClInclude>
    <ClInclude Include="Animation.h">
      <Filter>Framework\Graphics</Filter>
    </ClInclude>
    <ClInclude Include="Animations.h">
      <Filter>Framework\Graphics</Filter>
    </ClInclude>
    <ClInclude Include="AnimationFrame.h">
      <Filter>Framework\Graphics</Filter>
    </ClInclude>
    <ClInclude Include="AssetIDs.h">
      <Filter>Game\Config</Filter>
    </ClInclude>
    <ClInclude Include="Portal.h">
      <Filter>Game\Objects\Triggers</Filter>
    </ClInclude>
    <ClInclude Include="Pipe.h">
      <Filter>Game\Objects\Triggers</Filter>
    </ClInclude>
    <ClInclude Include="Platform.h">
      <Filter>Game\Objects\Tiles</Filter>
    </ClInclude>
    <ClInclude Include="Brick.h">
      <Filter>Game\Objects\Tiles</Filter>
    </ClInclude>
    <ClInclude Include="Mario.h">
      <Filter>Game\Objects\Player</Filter>
    </ClInclude>
    <ClInclude Include="CMarioState.h">
      <Filter>Game\Objects\Player</Filter>
    </ClInclude>
    <ClInclude Include="CMarioIdleState.h">
      <Filter>Game\Objects\Player</Filter>
    </ClInclude>
    <ClInclude Include="CMarioWalkState.h">
      <Filter>Game\Objects\Player</Filter>
    </ClInclude>
    <ClInclude Include="CMarioRunState.h">
      <Filter>Game\Objects\Player</Filter>
    </ClInclude>
    <ClInclude Include="CMarioJumpState.h">
      <Filter>Game\Objects\Player</Filter>
    </ClInclude>
    <ClInclude Include="CMarioFallState.h">
      <Filter>Game\Objects\Player</Filter>
    </ClInclude>
    <ClInclude Include="CMarioDuckState.h">
      <Filter>Game\Objects\Player</Filter>
    </ClInclude>
    <ClInclude Include="CMarioPipeState.h">
      <Filter>Game\Objects\Player</Filter>
    </ClInclude>
    <ClInclude Include="CMarioDeadState.h">
      <Filter>Game\Objects\Player</Filter>
    </ClInclude>
    <ClInclude Include="CMarioPitDeadState.h">
      <Filter>Game\Objects\Player</Filter>
    </ClInclude>
    <ClInclude Include="Goomba.h">
      <Filter>Game\Objects\Enemies</Filter>
    </ClInclude>
    <ClInclude Include="Coin.h">
      <Filter>Game\Objects\Items</Filter>
    </ClInclude>
    <ClInclude Include="BossExplosion.h">
      <Filter>Game\Objects\Effects</Filter>
    </ClInclude>
    <ClInclude Include="PlayScene.h">
      <Filter>Game\Scenes\PlayScene</Filter>
    </ClInclude>
    <ClInclude Include="PlaySceneKeyHandler.h">
      <Filter>Game\Scenes\PlayScene</Filter>
    </ClInclude>
    <ClInclude Include="QuestionBlock.h">
      <Filter>Game\Objects\Tiles</Filter>
    </ClInclude>
    <ClInclude Include="ScreenTransition.h">
      <Filter>Game\Systems</Filter>
    </ClInclude>
    <ClInclude Include="FireBall.h">
      <Filter>Game\Objects\Projectiles</Filter>
    </ClInclude>
    <ClInclude Include="ObjectFactory.h">
      <Filter>Game\Systems</Filter>
    </ClInclude>
    <ClInclude Include="json.hpp">
      <Filter>Game\Utils</Filter>
    </ClInclude>
    <ClInclude Include="TileMap.h">
      <Filter>Framework\Base</Filter>
    </ClInclude>
    <ClInclude Include="CollisionBox.h">
      <Filter>Game\Objects\CollisionBox</Filter>
    </ClInclude>
    <ClInclude Include="Blaster.h">
      <Filter>Game\Objects\Traps</Filter>
    </ClInclude>
    <ClInclude Include="Burner.h">
      <Filter>Game\Objects\Traps</Filter>
    </ClInclude>
    <ClInclude Include="CannonBall.h">
      <Filter>Game\Objects\Traps</Filter>
    </ClInclude>
    <ClInclude Include="Canon.h">
      <Filter>Game\Objects\Traps</Filter>
    </ClInclude>
    <ClInclude Include="MapMario.h">
      <Filter>Game\Scenes\WorldMap</Filter>
    </ClInclude>
    <ClInclude Include="MapNode.h">
      <Filter>Game\Scenes\WorldMap</Filter>
    </ClInclude>
    <ClInclude Include="MapObject.h">
      <Filter>Game\Scenes\WorldMap</Filter>
    </ClInclude>
    <ClInclude Include="WorldMapKeyHandler.h">
      <Filter>Game\Scenes\WorldMap</Filter>
    </ClInclude>
    <ClInclude Include="WorldMapScene.h">
      <Filter>Game\Scenes\WorldMap</Filter>
    </ClInclude>
    <ClInclude Include="ObjectFactory.h">
      <Filter>Game\Systems</Filter>
    </ClInclude>
    <ClInclude Include="BoomBoom.h">
      <Filter>Game\Objects\Bosses</Filter>
    </ClInclude>
    <ClInclude Include="CItem.h">
      <Filter>Game\Objects\Items</Filter>
    </ClInclude>
    <ClInclude Include="QuestionBlock.h">
      <Filter>Game\Objects\Tiles</Filter>
    </ClInclude>
    <ClInclude Include="FireBall.h">
      <Filter>Game\Objects\Projectiles</Filter>
    </ClInclude>
    <ClInclude Include="CMarioFloatState.h">
      <Filter>Game\Objects\Player</Filter>
    </ClInclude>
    <ClInclude Include="CMarioFlyState.h">
      <Filter>Game\Objects\Player</Filter>
    </ClInclude>
    <ClInclude Include="CMarioSkidState.h">
      <Filter>Game\Objects\Player</Filter>
    </ClInclude>
    <ClInclude Include="GameData.h">
      <Filter>Game\Systems</Filter>
    </ClInclude>
    <ClInclude Include="ISoundObserver.h">
      <Filter>Game\Sounds</Filter>
    </ClInclude>
    <ClInclude Include="lib\miniaudio\miniaudio.h">
      <Filter>Game\Sounds</Filter>
    </ClInclude>
    <ClInclude Include="SoundEvents.h">
      <Filter>Game\Sounds</Filter>
    </ClInclude>
    <ClInclude Include="SoundManager.h">
      <Filter>Game\Sounds</Filter>
    </ClInclude>
    <ClInclude Include="SoundSubject.h">
      <Filter>Game\Sounds</Filter>
    </ClInclude>
    <ClInclude Include="SoundTestKeyHandler.h">
      <Filter>Game\Sounds</Filter>
    </ClInclude>
    <ClInclude Include="SoundTestScene.h">
      <Filter>Game\Sounds</Filter>
    </ClInclude>
  </ItemGroup>
  <ItemGroup>
    <None Include="packages.config">
      <Filter>Game\Sounds</Filter>
    </None>
  </ItemGroup>
</Project>
